
Microsoft Visual Studio Solution File, Format Version 12.00
# Visual Studio 15
VisualStudioVersion = 15.0.28010.0
MinimumVisualStudioVersion = 10.0.40219.1
Project("{9A19103F-16F7-4668-BE54-9A1E7A4F7556}") = "Kpdv", "Kpdv\Kpdv\Kpdv.csproj", "{ABF1A22D-7A58-4F1E-BA97-E3E1DDCA7316}"
EndProject
Project("{FAE04EC0-301F-11D3-BF4B-00C04F79EFBC}") = "Kpdv.Android", "Kpdv\Kpdv.Android\Kpdv.Android.csproj", "{3ED0213C-B3DF-4EFD-81EA-7E3CB354E35E}"
EndProject
Project("{FAE04EC0-301F-11D3-BF4B-00C04F79EFBC}") = "Kpdv.iOS", "Kpdv\Kpdv.iOS\Kpdv.iOS.csproj", "{F4EF581F-6616-4FE6-A586-03C04C52922E}"
EndProject
Project("{FAE04EC0-301F-11D3-BF4B-00C04F79EFBC}") = "Kpdv.UWP", "Kpdv\Kpdv.UWP\Kpdv.UWP.csproj", "{EA70EFB3-8AC0-4A42-815C-BC4141CFA8EB}"
EndProject
Global
	GlobalSection(SolutionConfigurationPlatforms) = preSolution
		Ad-Hoc|Any CPU = Ad-Hoc|Any CPU
		Ad-Hoc|ARM = Ad-Hoc|ARM
		Ad-Hoc|iPhone = Ad-Hoc|iPhone
		Ad-Hoc|iPhoneSimulator = Ad-Hoc|iPhoneSimulator
		Ad-Hoc|x64 = Ad-Hoc|x64
		Ad-Hoc|x86 = Ad-Hoc|x86
		AppStore|Any CPU = AppStore|Any CPU
		AppStore|ARM = AppStore|ARM
		AppStore|iPhone = AppStore|iPhone
		AppStore|iPhoneSimulator = AppStore|iPhoneSimulator
		AppStore|x64 = AppStore|x64
		AppStore|x86 = AppStore|x86
		Debug|Any CPU = Debug|Any CPU
		Debug|ARM = Debug|ARM
		Debug|iPhone = Debug|iPhone
		Debug|iPhoneSimulator = Debug|iPhoneSimulator
		Debug|x64 = Debug|x64
		Debug|x86 = Debug|x86
		Release|Any CPU = Release|Any CPU
		Release|ARM = Release|ARM
		Release|iPhone = Release|iPhone
		Release|iPhoneSimulator = Release|iPhoneSimulator
		Release|x64 = Release|x64
		Release|x86 = Release|x86
	EndGlobalSection
	GlobalSection(ProjectConfigurationPlatforms) = postSolution
		{ABF1A22D-7A58-4F1E-BA97-E3E1DDCA7316}.Ad-Hoc|Any CPU.ActiveCfg = Debug|Any CPU
		{ABF1A22D-7A58-4F1E-BA97-E3E1DDCA7316}.Ad-Hoc|Any CPU.Build.0 = Debug|Any CPU
		{ABF1A22D-7A58-4F1E-BA97-E3E1DDCA7316}.Ad-Hoc|ARM.ActiveCfg = Debug|Any CPU
		{ABF1A22D-7A58-4F1E-BA97-E3E1DDCA7316}.Ad-Hoc|ARM.Build.0 = Debug|Any CPU
		{ABF1A22D-7A58-4F1E-BA97-E3E1DDCA7316}.Ad-Hoc|iPhone.ActiveCfg = Debug|Any CPU
		{ABF1A22D-7A58-4F1E-BA97-E3E1DDCA7316}.Ad-Hoc|iPhone.Build.0 = Debug|Any CPU
		{ABF1A22D-7A58-4F1E-BA97-E3E1DDCA7316}.Ad-Hoc|iPhoneSimulator.ActiveCfg = Debug|Any CPU
		{ABF1A22D-7A58-4F1E-BA97-E3E1DDCA7316}.Ad-Hoc|iPhoneSimulator.Build.0 = Debug|Any CPU
		{ABF1A22D-7A58-4F1E-BA97-E3E1DDCA7316}.Ad-Hoc|x64.ActiveCfg = Debug|Any CPU
		{ABF1A22D-7A58-4F1E-BA97-E3E1DDCA7316}.Ad-Hoc|x64.Build.0 = Debug|Any CPU
		{ABF1A22D-7A58-4F1E-BA97-E3E1DDCA7316}.Ad-Hoc|x86.ActiveCfg = Debug|Any CPU
		{ABF1A22D-7A58-4F1E-BA97-E3E1DDCA7316}.Ad-Hoc|x86.Build.0 = Debug|Any CPU
		{ABF1A22D-7A58-4F1E-BA97-E3E1DDCA7316}.AppStore|Any CPU.ActiveCfg = Debug|Any CPU
		{ABF1A22D-7A58-4F1E-BA97-E3E1DDCA7316}.AppStore|Any CPU.Build.0 = Debug|Any CPU
		{ABF1A22D-7A58-4F1E-BA97-E3E1DDCA7316}.AppStore|ARM.ActiveCfg = Debug|Any CPU
		{ABF1A22D-7A58-4F1E-BA97-E3E1DDCA7316}.AppStore|ARM.Build.0 = Debug|Any CPU
		{ABF1A22D-7A58-4F1E-BA97-E3E1DDCA7316}.AppStore|iPhone.ActiveCfg = Debug|Any CPU
		{ABF1A22D-7A58-4F1E-BA97-E3E1DDCA7316}.AppStore|iPhone.Build.0 = Debug|Any CPU
		{ABF1A22D-7A58-4F1E-BA97-E3E1DDCA7316}.AppStore|iPhoneSimulator.ActiveCfg = Debug|Any CPU
		{ABF1A22D-7A58-4F1E-BA97-E3E1DDCA7316}.AppStore|iPhoneSimulator.Build.0 = Debug|Any CPU
		{ABF1A22D-7A58-4F1E-BA97-E3E1DDCA7316}.AppStore|x64.ActiveCfg = Debug|Any CPU
		{ABF1A22D-7A58-4F1E-BA97-E3E1DDCA7316}.AppStore|x64.Build.0 = Debug|Any CPU
		{ABF1A22D-7A58-4F1E-BA97-E3E1DDCA7316}.AppStore|x86.ActiveCfg = Debug|Any CPU
		{ABF1A22D-7A58-4F1E-BA97-E3E1DDCA7316}.AppStore|x86.Build.0 = Debug|Any CPU
		{ABF1A22D-7A58-4F1E-BA97-E3E1DDCA7316}.Debug|Any CPU.ActiveCfg = Debug|Any CPU
		{ABF1A22D-7A58-4F1E-BA97-E3E1DDCA7316}.Debug|Any CPU.Build.0 = Debug|Any CPU
		{ABF1A22D-7A58-4F1E-BA97-E3E1DDCA7316}.Debug|ARM.ActiveCfg = Debug|Any CPU
		{ABF1A22D-7A58-4F1E-BA97-E3E1DDCA7316}.Debug|ARM.Build.0 = Debug|Any CPU
		{ABF1A22D-7A58-4F1E-BA97-E3E1DDCA7316}.Debug|iPhone.ActiveCfg = Debug|Any CPU
		{ABF1A22D-7A58-4F1E-BA97-E3E1DDCA7316}.Debug|iPhone.Build.0 = Debug|Any CPU
		{ABF1A22D-7A58-4F1E-BA97-E3E1DDCA7316}.Debug|iPhoneSimulator.ActiveCfg = Debug|Any CPU
		{ABF1A22D-7A58-4F1E-BA97-E3E1DDCA7316}.Debug|iPhoneSimulator.Build.0 = Debug|Any CPU
		{ABF1A22D-7A58-4F1E-BA97-E3E1DDCA7316}.Debug|x64.ActiveCfg = Debug|Any CPU
		{ABF1A22D-7A58-4F1E-BA97-E3E1DDCA7316}.Debug|x64.Build.0 = Debug|Any CPU
		{ABF1A22D-7A58-4F1E-BA97-E3E1DDCA7316}.Debug|x86.ActiveCfg = Debug|Any CPU
		{ABF1A22D-7A58-4F1E-BA97-E3E1DDCA7316}.Debug|x86.Build.0 = Debug|Any CPU
		{ABF1A22D-7A58-4F1E-BA97-E3E1DDCA7316}.Release|Any CPU.ActiveCfg = Release|Any CPU
		{ABF1A22D-7A58-4F1E-BA97-E3E1DDCA7316}.Release|Any CPU.Build.0 = Release|Any CPU
		{ABF1A22D-7A58-4F1E-BA97-E3E1DDCA7316}.Release|ARM.ActiveCfg = Release|Any CPU
		{ABF1A22D-7A58-4F1E-BA97-E3E1DDCA7316}.Release|ARM.Build.0 = Release|Any CPU
		{ABF1A22D-7A58-4F1E-BA97-E3E1DDCA7316}.Release|iPhone.ActiveCfg = Release|Any CPU
		{ABF1A22D-7A58-4F1E-BA97-E3E1DDCA7316}.Release|iPhone.Build.0 = Release|Any CPU
		{ABF1A22D-7A58-4F1E-BA97-E3E1DDCA7316}.Release|iPhoneSimulator.ActiveCfg = Release|Any CPU
		{ABF1A22D-7A58-4F1E-BA97-E3E1DDCA7316}.Release|iPhoneSimulator.Build.0 = Release|Any CPU
		{ABF1A22D-7A58-4F1E-BA97-E3E1DDCA7316}.Release|x64.ActiveCfg = Release|Any CPU
		{ABF1A22D-7A58-4F1E-BA97-E3E1DDCA7316}.Release|x64.Build.0 = Release|Any CPU
		{ABF1A22D-7A58-4F1E-BA97-E3E1DDCA7316}.Release|x86.ActiveCfg = Release|Any CPU
		{ABF1A22D-7A58-4F1E-BA97-E3E1DDCA7316}.Release|x86.Build.0 = Release|Any CPU
		{3ED0213C-B3DF-4EFD-81EA-7E3CB354E35E}.Ad-Hoc|Any CPU.ActiveCfg = Release|Any CPU
		{3ED0213C-B3DF-4EFD-81EA-7E3CB354E35E}.Ad-Hoc|Any CPU.Build.0 = Release|Any CPU
		{3ED0213C-B3DF-4EFD-81EA-7E3CB354E35E}.Ad-Hoc|Any CPU.Deploy.0 = Release|Any CPU
		{3ED0213C-B3DF-4EFD-81EA-7E3CB354E35E}.Ad-Hoc|ARM.ActiveCfg = Release|Any CPU
		{3ED0213C-B3DF-4EFD-81EA-7E3CB354E35E}.Ad-Hoc|ARM.Build.0 = Release|Any CPU
		{3ED0213C-B3DF-4EFD-81EA-7E3CB354E35E}.Ad-Hoc|ARM.Deploy.0 = Release|Any CPU
		{3ED0213C-B3DF-4EFD-81EA-7E3CB354E35E}.Ad-Hoc|iPhone.ActiveCfg = Release|Any CPU
		{3ED0213C-B3DF-4EFD-81EA-7E3CB354E35E}.Ad-Hoc|iPhone.Build.0 = Release|Any CPU
		{3ED0213C-B3DF-4EFD-81EA-7E3CB354E35E}.Ad-Hoc|iPhone.Deploy.0 = Release|Any CPU
		{3ED0213C-B3DF-4EFD-81EA-7E3CB354E35E}.Ad-Hoc|iPhoneSimulator.ActiveCfg = Release|Any CPU
		{3ED0213C-B3DF-4EFD-81EA-7E3CB354E35E}.Ad-Hoc|iPhoneSimulator.Build.0 = Release|Any CPU
		{3ED0213C-B3DF-4EFD-81EA-7E3CB354E35E}.Ad-Hoc|iPhoneSimulator.Deploy.0 = Release|Any CPU
		{3ED0213C-B3DF-4EFD-81EA-7E3CB354E35E}.Ad-Hoc|x64.ActiveCfg = Release|Any CPU
		{3ED0213C-B3DF-4EFD-81EA-7E3CB354E35E}.Ad-Hoc|x64.Build.0 = Release|Any CPU
		{3ED0213C-B3DF-4EFD-81EA-7E3CB354E35E}.Ad-Hoc|x64.Deploy.0 = Release|Any CPU
		{3ED0213C-B3DF-4EFD-81EA-7E3CB354E35E}.Ad-Hoc|x86.ActiveCfg = Release|Any CPU
		{3ED0213C-B3DF-4EFD-81EA-7E3CB354E35E}.Ad-Hoc|x86.Build.0 = Release|Any CPU
		{3ED0213C-B3DF-4EFD-81EA-7E3CB354E35E}.Ad-Hoc|x86.Deploy.0 = Release|Any CPU
		{3ED0213C-B3DF-4EFD-81EA-7E3CB354E35E}.AppStore|Any CPU.ActiveCfg = Release|Any CPU
		{3ED0213C-B3DF-4EFD-81EA-7E3CB354E35E}.AppStore|Any CPU.Build.0 = Release|Any CPU
		{3ED0213C-B3DF-4EFD-81EA-7E3CB354E35E}.AppStore|Any CPU.Deploy.0 = Release|Any CPU
		{3ED0213C-B3DF-4EFD-81EA-7E3CB354E35E}.AppStore|ARM.ActiveCfg = Release|Any CPU
		{3ED0213C-B3DF-4EFD-81EA-7E3CB354E35E}.AppStore|ARM.Build.0 = Release|Any CPU
		{3ED0213C-B3DF-4EFD-81EA-7E3CB354E35E}.AppStore|ARM.Deploy.0 = Release|Any CPU
		{3ED0213C-B3DF-4EFD-81EA-7E3CB354E35E}.AppStore|iPhone.ActiveCfg = Release|Any CPU
		{3ED0213C-B3DF-4EFD-81EA-7E3CB354E35E}.AppStore|iPhone.Build.0 = Release|Any CPU
		{3ED0213C-B3DF-4EFD-81EA-7E3CB354E35E}.AppStore|iPhone.Deploy.0 = Release|Any CPU
		{3ED0213C-B3DF-4EFD-81EA-7E3CB354E35E}.AppStore|iPhoneSimulator.ActiveCfg = Release|Any CPU
		{3ED0213C-B3DF-4EFD-81EA-7E3CB354E35E}.AppStore|iPhoneSimulator.Build.0 = Release|Any CPU
		{3ED0213C-B3DF-4EFD-81EA-7E3CB354E35E}.AppStore|iPhoneSimulator.Deploy.0 = Release|Any CPU
		{3ED0213C-B3DF-4EFD-81EA-7E3CB354E35E}.AppStore|x64.ActiveCfg = Release|Any CPU
		{3ED0213C-B3DF-4EFD-81EA-7E3CB354E35E}.AppStore|x64.Build.0 = Release|Any CPU
		{3ED0213C-B3DF-4EFD-81EA-7E3CB354E35E}.AppStore|x64.Deploy.0 = Release|Any CPU
		{3ED0213C-B3DF-4EFD-81EA-7E3CB354E35E}.AppStore|x86.ActiveCfg = Release|Any CPU
		{3ED0213C-B3DF-4EFD-81EA-7E3CB354E35E}.AppStore|x86.Build.0 = Release|Any CPU
		{3ED0213C-B3DF-4EFD-81EA-7E3CB354E35E}.AppStore|x86.Deploy.0 = Release|Any CPU
		{3ED0213C-B3DF-4EFD-81EA-7E3CB354E35E}.Debug|Any CPU.ActiveCfg = Debug|Any CPU
		{3ED0213C-B3DF-4EFD-81EA-7E3CB354E35E}.Debug|Any CPU.Build.0 = Debug|Any CPU
		{3ED0213C-B3DF-4EFD-81EA-7E3CB354E35E}.Debug|Any CPU.Deploy.0 = Debug|Any CPU
		{3ED0213C-B3DF-4EFD-81EA-7E3CB354E35E}.Debug|ARM.ActiveCfg = Debug|Any CPU
		{3ED0213C-B3DF-4EFD-81EA-7E3CB354E35E}.Debug|ARM.Build.0 = Debug|Any CPU
		{3ED0213C-B3DF-4EFD-81EA-7E3CB354E35E}.Debug|ARM.Deploy.0 = Debug|Any CPU
		{3ED0213C-B3DF-4EFD-81EA-7E3CB354E35E}.Debug|iPhone.ActiveCfg = Debug|Any CPU
		{3ED0213C-B3DF-4EFD-81EA-7E3CB354E35E}.Debug|iPhone.Build.0 = Debug|Any CPU
		{3ED0213C-B3DF-4EFD-81EA-7E3CB354E35E}.Debug|iPhone.Deploy.0 = Debug|Any CPU
		{3ED0213C-B3DF-4EFD-81EA-7E3CB354E35E}.Debug|iPhoneSimulator.ActiveCfg = Debug|Any CPU
		{3ED0213C-B3DF-4EFD-81EA-7E3CB354E35E}.Debug|iPhoneSimulator.Build.0 = Debug|Any CPU
		{3ED0213C-B3DF-4EFD-81EA-7E3CB354E35E}.Debug|iPhoneSimulator.Deploy.0 = Debug|Any CPU
		{3ED0213C-B3DF-4EFD-81EA-7E3CB354E35E}.Debug|x64.ActiveCfg = Debug|Any CPU
		{3ED0213C-B3DF-4EFD-81EA-7E3CB354E35E}.Debug|x64.Build.0 = Debug|Any CPU
		{3ED0213C-B3DF-4EFD-81EA-7E3CB354E35E}.Debug|x64.Deploy.0 = Debug|Any CPU
		{3ED0213C-B3DF-4EFD-81EA-7E3CB354E35E}.Debug|x86.ActiveCfg = Debug|Any CPU
		{3ED0213C-B3DF-4EFD-81EA-7E3CB354E35E}.Debug|x86.Build.0 = Debug|Any CPU
		{3ED0213C-B3DF-4EFD-81EA-7E3CB354E35E}.Debug|x86.Deploy.0 = Debug|Any CPU
		{3ED0213C-B3DF-4EFD-81EA-7E3CB354E35E}.Release|Any CPU.ActiveCfg = Release|Any CPU
		{3ED0213C-B3DF-4EFD-81EA-7E3CB354E35E}.Release|Any CPU.Build.0 = Release|Any CPU
		{3ED0213C-B3DF-4EFD-81EA-7E3CB354E35E}.Release|Any CPU.Deploy.0 = Release|Any CPU
		{3ED0213C-B3DF-4EFD-81EA-7E3CB354E35E}.Release|ARM.ActiveCfg = Release|Any CPU
		{3ED0213C-B3DF-4EFD-81EA-7E3CB354E35E}.Release|ARM.Build.0 = Release|Any CPU
		{3ED0213C-B3DF-4EFD-81EA-7E3CB354E35E}.Release|ARM.Deploy.0 = Release|Any CPU
		{3ED0213C-B3DF-4EFD-81EA-7E3CB354E35E}.Release|iPhone.ActiveCfg = Release|Any CPU
		{3ED0213C-B3DF-4EFD-81EA-7E3CB354E35E}.Release|iPhone.Build.0 = Release|Any CPU
		{3ED0213C-B3DF-4EFD-81EA-7E3CB354E35E}.Release|iPhone.Deploy.0 = Release|Any CPU
		{3ED0213C-B3DF-4EFD-81EA-7E3CB354E35E}.Release|iPhoneSimulator.ActiveCfg = Release|Any CPU
		{3ED0213C-B3DF-4EFD-81EA-7E3CB354E35E}.Release|iPhoneSimulator.Build.0 = Release|Any CPU
		{3ED0213C-B3DF-4EFD-81EA-7E3CB354E35E}.Release|iPhoneSimulator.Deploy.0 = Release|Any CPU
		{3ED0213C-B3DF-4EFD-81EA-7E3CB354E35E}.Release|x64.ActiveCfg = Release|Any CPU
		{3ED0213C-B3DF-4EFD-81EA-7E3CB354E35E}.Release|x64.Build.0 = Release|Any CPU
		{3ED0213C-B3DF-4EFD-81EA-7E3CB354E35E}.Release|x64.Deploy.0 = Release|Any CPU
		{3ED0213C-B3DF-4EFD-81EA-7E3CB354E35E}.Release|x86.ActiveCfg = Release|Any CPU
		{3ED0213C-B3DF-4EFD-81EA-7E3CB354E35E}.Release|x86.Build.0 = Release|Any CPU
		{3ED0213C-B3DF-4EFD-81EA-7E3CB354E35E}.Release|x86.Deploy.0 = Release|Any CPU
		{F4EF581F-6616-4FE6-A586-03C04C52922E}.Ad-Hoc|Any CPU.ActiveCfg = Ad-Hoc|iPhone
		{F4EF581F-6616-4FE6-A586-03C04C52922E}.Ad-Hoc|ARM.ActiveCfg = Ad-Hoc|iPhone
		{F4EF581F-6616-4FE6-A586-03C04C52922E}.Ad-Hoc|iPhone.ActiveCfg = Ad-Hoc|iPhone
		{F4EF581F-6616-4FE6-A586-03C04C52922E}.Ad-Hoc|iPhone.Build.0 = Ad-Hoc|iPhone
		{F4EF581F-6616-4FE6-A586-03C04C52922E}.Ad-Hoc|iPhoneSimulator.ActiveCfg = Ad-Hoc|iPhoneSimulator
		{F4EF581F-6616-4FE6-A586-03C04C52922E}.Ad-Hoc|iPhoneSimulator.Build.0 = Ad-Hoc|iPhoneSimulator
		{F4EF581F-6616-4FE6-A586-03C04C52922E}.Ad-Hoc|x64.ActiveCfg = Ad-Hoc|iPhone
		{F4EF581F-6616-4FE6-A586-03C04C52922E}.Ad-Hoc|x86.ActiveCfg = Ad-Hoc|iPhone
		{F4EF581F-6616-4FE6-A586-03C04C52922E}.AppStore|Any CPU.ActiveCfg = AppStore|iPhone
		{F4EF581F-6616-4FE6-A586-03C04C52922E}.AppStore|ARM.ActiveCfg = AppStore|iPhone
		{F4EF581F-6616-4FE6-A586-03C04C52922E}.AppStore|iPhone.ActiveCfg = AppStore|iPhone
		{F4EF581F-6616-4FE6-A586-03C04C52922E}.AppStore|iPhone.Build.0 = AppStore|iPhone
		{F4EF581F-6616-4FE6-A586-03C04C52922E}.AppStore|iPhoneSimulator.ActiveCfg = AppStore|iPhoneSimulator
		{F4EF581F-6616-4FE6-A586-03C04C52922E}.AppStore|iPhoneSimulator.Build.0 = AppStore|iPhoneSimulator
		{F4EF581F-6616-4FE6-A586-03C04C52922E}.AppStore|x64.ActiveCfg = AppStore|iPhone
		{F4EF581F-6616-4FE6-A586-03C04C52922E}.AppStore|x86.ActiveCfg = AppStore|iPhone
		{F4EF581F-6616-4FE6-A586-03C04C52922E}.Debug|Any CPU.ActiveCfg = Debug|iPhone
		{F4EF581F-6616-4FE6-A586-03C04C52922E}.Debug|ARM.ActiveCfg = Debug|iPhone
		{F4EF581F-6616-4FE6-A586-03C04C52922E}.Debug|iPhone.ActiveCfg = Debug|iPhone
		{F4EF581F-6616-4FE6-A586-03C04C52922E}.Debug|iPhone.Build.0 = Debug|iPhone
		{F4EF581F-6616-4FE6-A586-03C04C52922E}.Debug|iPhoneSimulator.ActiveCfg = Debug|iPhoneSimulator
		{F4EF581F-6616-4FE6-A586-03C04C52922E}.Debug|iPhoneSimulator.Build.0 = Debug|iPhoneSimulator
		{F4EF581F-6616-4FE6-A586-03C04C52922E}.Debug|x64.ActiveCfg = Debug|iPhone
		{F4EF581F-6616-4FE6-A586-03C04C52922E}.Debug|x86.ActiveCfg = Debug|iPhone
		{F4EF581F-6616-4FE6-A586-03C04C52922E}.Release|Any CPU.ActiveCfg = Release|iPhone
		{F4EF581F-6616-4FE6-A586-03C04C52922E}.Release|ARM.ActiveCfg = Release|iPhone
		{F4EF581F-6616-4FE6-A586-03C04C52922E}.Release|iPhone.ActiveCfg = Release|iPhone
		{F4EF581F-6616-4FE6-A586-03C04C52922E}.Release|iPhone.Build.0 = Release|iPhone
		{F4EF581F-6616-4FE6-A586-03C04C52922E}.Release|iPhoneSimulator.ActiveCfg = Release|iPhoneSimulator
		{F4EF581F-6616-4FE6-A586-03C04C52922E}.Release|iPhoneSimulator.Build.0 = Release|iPhoneSimulator
		{F4EF581F-6616-4FE6-A586-03C04C52922E}.Release|x64.ActiveCfg = Release|iPhone
		{F4EF581F-6616-4FE6-A586-03C04C52922E}.Release|x86.ActiveCfg = Release|iPhone
		{EA70EFB3-8AC0-4A42-815C-BC4141CFA8EB}.Ad-Hoc|Any CPU.ActiveCfg = Release|x86
		{EA70EFB3-8AC0-4A42-815C-BC4141CFA8EB}.Ad-Hoc|Any CPU.Build.0 = Release|x86
		{EA70EFB3-8AC0-4A42-815C-BC4141CFA8EB}.Ad-Hoc|Any CPU.Deploy.0 = Release|x86
		{EA70EFB3-8AC0-4A42-815C-BC4141CFA8EB}.Ad-Hoc|ARM.ActiveCfg = Release|ARM
		{EA70EFB3-8AC0-4A42-815C-BC4141CFA8EB}.Ad-Hoc|ARM.Build.0 = Release|ARM
		{EA70EFB3-8AC0-4A42-815C-BC4141CFA8EB}.Ad-Hoc|ARM.Deploy.0 = Release|ARM
		{EA70EFB3-8AC0-4A42-815C-BC4141CFA8EB}.Ad-Hoc|iPhone.ActiveCfg = Release|x86
		{EA70EFB3-8AC0-4A42-815C-BC4141CFA8EB}.Ad-Hoc|iPhone.Build.0 = Release|x86
		{EA70EFB3-8AC0-4A42-815C-BC4141CFA8EB}.Ad-Hoc|iPhone.Deploy.0 = Release|x86
		{EA70EFB3-8AC0-4A42-815C-BC4141CFA8EB}.Ad-Hoc|iPhoneSimulator.ActiveCfg = Release|x86
		{EA70EFB3-8AC0-4A42-815C-BC4141CFA8EB}.Ad-Hoc|iPhoneSimulator.Build.0 = Release|x86
		{EA70EFB3-8AC0-4A42-815C-BC4141CFA8EB}.Ad-Hoc|iPhoneSimulator.Deploy.0 = Release|x86
		{EA70EFB3-8AC0-4A42-815C-BC4141CFA8EB}.Ad-Hoc|x64.ActiveCfg = Release|x64
		{EA70EFB3-8AC0-4A42-815C-BC4141CFA8EB}.Ad-Hoc|x64.Build.0 = Release|x64
		{EA70EFB3-8AC0-4A42-815C-BC4141CFA8EB}.Ad-Hoc|x64.Deploy.0 = Release|x64
		{EA70EFB3-8AC0-4A42-815C-BC4141CFA8EB}.Ad-Hoc|x86.ActiveCfg = Release|x86
		{EA70EFB3-8AC0-4A42-815C-BC4141CFA8EB}.Ad-Hoc|x86.Build.0 = Release|x86
		{EA70EFB3-8AC0-4A42-815C-BC4141CFA8EB}.Ad-Hoc|x86.Deploy.0 = Release|x86
		{EA70EFB3-8AC0-4A42-815C-BC4141CFA8EB}.AppStore|Any CPU.ActiveCfg = Release|x86
		{EA70EFB3-8AC0-4A42-815C-BC4141CFA8EB}.AppStore|Any CPU.Build.0 = Release|x86
		{EA70EFB3-8AC0-4A42-815C-BC4141CFA8EB}.AppStore|Any CPU.Deploy.0 = Release|x86
		{EA70EFB3-8AC0-4A42-815C-BC4141CFA8EB}.AppStore|ARM.ActiveCfg = Release|ARM
		{EA70EFB3-8AC0-4A42-815C-BC4141CFA8EB}.AppStore|ARM.Build.0 = Release|ARM
		{EA70EFB3-8AC0-4A42-815C-BC4141CFA8EB}.AppStore|ARM.Deploy.0 = Release|ARM
		{EA70EFB3-8AC0-4A42-815C-BC4141CFA8EB}.AppStore|iPhone.ActiveCfg = Release|x86
		{EA70EFB3-8AC0-4A42-815C-BC4141CFA8EB}.AppStore|iPhone.Build.0 = Release|x86
		{EA70EFB3-8AC0-4A42-815C-BC4141CFA8EB}.AppStore|iPhone.Deploy.0 = Release|x86
		{EA70EFB3-8AC0-4A42-815C-BC4141CFA8EB}.AppStore|iPhoneSimulator.ActiveCfg = Release|x86
		{EA70EFB3-8AC0-4A42-815C-BC4141CFA8EB}.AppStore|iPhoneSimulator.Build.0 = Release|x86
		{EA70EFB3-8AC0-4A42-815C-BC4141CFA8EB}.AppStore|iPhoneSimulator.Deploy.0 = Release|x86
		{EA70EFB3-8AC0-4A42-815C-BC4141CFA8EB}.AppStore|x64.ActiveCfg = Release|x64
		{EA70EFB3-8AC0-4A42-815C-BC4141CFA8EB}.AppStore|x64.Build.0 = Release|x64
		{EA70EFB3-8AC0-4A42-815C-BC4141CFA8EB}.AppStore|x64.Deploy.0 = Release|x64
		{EA70EFB3-8AC0-4A42-815C-BC4141CFA8EB}.AppStore|x86.ActiveCfg = Release|x86
		{EA70EFB3-8AC0-4A42-815C-BC4141CFA8EB}.AppStore|x86.Build.0 = Release|x86
		{EA70EFB3-8AC0-4A42-815C-BC4141CFA8EB}.AppStore|x86.Deploy.0 = Release|x86
		{EA70EFB3-8AC0-4A42-815C-BC4141CFA8EB}.Debug|Any CPU.ActiveCfg = Debug|x86
		{EA70EFB3-8AC0-4A42-815C-BC4141CFA8EB}.Debug|ARM.ActiveCfg = Debug|ARM
		{EA70EFB3-8AC0-4A42-815C-BC4141CFA8EB}.Debug|ARM.Build.0 = Debug|ARM
		{EA70EFB3-8AC0-4A42-815C-BC4141CFA8EB}.Debug|ARM.Deploy.0 = Debug|ARM
		{EA70EFB3-8AC0-4A42-815C-BC4141CFA8EB}.Debug|iPhone.ActiveCfg = Debug|x86
		{EA70EFB3-8AC0-4A42-815C-BC4141CFA8EB}.Debug|iPhoneSimulator.ActiveCfg = Debug|x86
		{EA70EFB3-8AC0-4A42-815C-BC4141CFA8EB}.Debug|x64.ActiveCfg = Debug|x64
		{EA70EFB3-8AC0-4A42-815C-BC4141CFA8EB}.Debug|x64.Build.0 = Debug|x64
		{EA70EFB3-8AC0-4A42-815C-BC4141CFA8EB}.Debug|x64.Deploy.0 = Debug|x64
		{EA70EFB3-8AC0-4A42-815C-BC4141CFA8EB}.Debug|x86.ActiveCfg = Debug|x86
		{EA70EFB3-8AC0-4A42-815C-BC4141CFA8EB}.Debug|x86.Build.0 = Debug|x86
		{EA70EFB3-8AC0-4A42-815C-BC4141CFA8EB}.Debug|x86.Deploy.0 = Debug|x86
		{EA70EFB3-8AC0-4A42-815C-BC4141CFA8EB}.Release|Any CPU.ActiveCfg = Release|x86
		{EA70EFB3-8AC0-4A42-815C-BC4141CFA8EB}.Release|ARM.ActiveCfg = Release|ARM
		{EA70EFB3-8AC0-4A42-815C-BC4141CFA8EB}.Release|ARM.Build.0 = Release|ARM
		{EA70EFB3-8AC0-4A42-815C-BC4141CFA8EB}.Release|ARM.Deploy.0 = Release|ARM
		{EA70EFB3-8AC0-4A42-815C-BC4141CFA8EB}.Release|iPhone.ActiveCfg = Release|x86
		{EA70EFB3-8AC0-4A42-815C-BC4141CFA8EB}.Release|iPhoneSimulator.ActiveCfg = Release|x86
		{EA70EFB3-8AC0-4A42-815C-BC4141CFA8EB}.Release|x64.ActiveCfg = Release|x64
		{EA70EFB3-8AC0-4A42-815C-BC4141CFA8EB}.Release|x64.Build.0 = Release|x64
		{EA70EFB3-8AC0-4A42-815C-BC4141CFA8EB}.Release|x64.Deploy.0 = Release|x64
		{EA70EFB3-8AC0-4A42-815C-BC4141CFA8EB}.Release|x86.ActiveCfg = Release|x86
		{EA70EFB3-8AC0-4A42-815C-BC4141CFA8EB}.Release|x86.Build.0 = Release|x86
		{EA70EFB3-8AC0-4A42-815C-BC4141CFA8EB}.Release|x86.Deploy.0 = Release|x86
	EndGlobalSection
	GlobalSection(SolutionProperties) = preSolution
		HideSolutionNode = FALSE
	EndGlobalSection
	GlobalSection(ExtensibilityGlobals) = postSolution
		SolutionGuid = {8B486F00-EAF9-4428-9277-F6681CBD13A7}
	EndGlobalSection
EndGlobal
